
Microsoft Visual Studio Solution File, Format Version 12.00
# Visual Studio 15
VisualStudioVersion = 15.0.28307.438
MinimumVisualStudioVersion = 10.0.40219.1
Project("{8BC9CEB8-8B4A-11D0-8D11-00A0C91BC942}") = "qotdClient", "qotdClient\qotdClient.vcxproj", "{9E08F852-896C-4500-859C-2C71C344A933}"
EndProject
Global
	GlobalSection(SolutionConfigurationPlatforms) = preSolution
		Debug|x64 = Debug|x64
		Debug|x86 = Debug|x86
		Release|x64 = Release|x64
		Release|x86 = Release|x86
	EndGlobalSection
	GlobalSection(ProjectConfigurationPlatforms) = postSolution
		{9E08F852-896C-4500-859C-2C71C344A933}.Debug|x64.ActiveCfg = Debug|x64
		{9E08F852-896C-4500-859C-2C71C344A933}.Debug|x64.Build.0 = Debug|x64
		{9E08F852-896C-4500-859C-2C71C344A933}.Debug|x86.ActiveCfg = Debug|Win32
		{9E08F852-896C-4500-859C-2C71C344A933}.Debug|x86.Build.0 = Debug|Win32
		{9E08F852-896C-4500-859C-2C71C344A933}.Release|x64.ActiveCfg = Release|x64
		{9E08F852-896C-4500-859C-2C71C344A933}.Release|x64.Build.0 = Release|x64
		{9E08F852-896C-4500-859C-2C71C344A933}.Release|x86.ActiveCfg = Release|Win32
		{9E08F852-896C-4500-859C-2C71C344A933}.Release|x86.Build.0 = Release|Win32
	EndGlobalSection
	GlobalSection(SolutionProperties) = preSolution
		HideSolutionNode = FALSE
	EndGlobalSection
	GlobalSection(ExtensibilityGlobals) = postSolution
		SolutionGuid = {DC32516F-3D90-495C-9767-247F5AEC81C7}
	EndGlobalSection
EndGlobal
